
Microsoft Visual Studio Solution File, Format Version 12.00
# Visual Studio Version 17
VisualStudioVersion = 17.8.34511.84
MinimumVisualStudioVersion = 10.0.40219.1
Project("{9A19103F-16F7-4668-BE54-9A1E7A4F7556}") = "JobPortal", "JobPortal\JobPortal.csproj", "{3EEDBCA6-4B97-4CDD-9D97-A3EE11DEC9AA}"
EndProject
Global
	GlobalSection(SolutionConfigurationPlatforms) = preSolution
		Debug|Any CPU = Debug|Any CPU
		Release|Any CPU = Release|Any CPU
	EndGlobalSection
	GlobalSection(ProjectConfigurationPlatforms) = postSolution
		{3EEDBCA6-4B97-4CDD-9D97-A3EE11DEC9AA}.Debug|Any CPU.ActiveCfg = Debug|Any CPU
		{3EEDBCA6-4B97-4CDD-9D97-A3EE11DEC9AA}.Debug|Any CPU.Build.0 = Debug|Any CPU
		{3EEDBCA6-4B97-4CDD-9D97-A3EE11DEC9AA}.Release|Any CPU.ActiveCfg = Release|Any CPU
		{3EEDBCA6-4B97-4CDD-9D97-A3EE11DEC9AA}.Release|Any CPU.Build.0 = Release|Any CPU
	EndGlobalSection
	GlobalSection(SolutionProperties) = preSolution
		HideSolutionNode = FALSE
	EndGlobalSection
	GlobalSection(ExtensibilityGlobals) = postSolution
		SolutionGuid = {B0526561-D32E-4957-98B4-8DCD41EB64C1}
	EndGlobalSection
EndGlobal
